
Microsoft Visual Studio Solution File, Format Version 12.00
# Visual Studio Version 17
VisualStudioVersion = 17.0.31903.59
MinimumVisualStudioVersion = 10.0.40219.1
Project("{FAE04EC0-301F-11D3-BF4B-00C04F79EFBC}") = "GenericBlazorApp.Web", "GenericBlazorApp.Web\GenericBlazorApp.Web.csproj", "{AE88BF6E-A65E-4E43-A238-C4A682F4212C}"
EndProject
Global
	GlobalSection(SolutionConfigurationPlatforms) = preSolution
		Debug|Any CPU = Debug|Any CPU
		Release|Any CPU = Release|Any CPU
	EndGlobalSection
	GlobalSection(SolutionProperties) = preSolution
		HideSolutionNode = FALSE
	EndGlobalSection
	GlobalSection(ProjectConfigurationPlatforms) = postSolution
		{AE88BF6E-A65E-4E43-A238-C4A682F4212C}.Debug|Any CPU.ActiveCfg = Debug|Any CPU
		{AE88BF6E-A65E-4E43-A238-C4A682F4212C}.Debug|Any CPU.Build.0 = Debug|Any CPU
		{AE88BF6E-A65E-4E43-A238-C4A682F4212C}.Release|Any CPU.ActiveCfg = Release|Any CPU
		{AE88BF6E-A65E-4E43-A238-C4A682F4212C}.Release|Any CPU.Build.0 = Release|Any CPU
	EndGlobalSection
EndGlobal
